{
    "version": 3,
    "terraform_version": "0.11.10",
    "serial": 26,
    "lineage": "c968750d-db3c-4073-b994-2bb7a6462855",
    "modules": [
        {
            "path": [
                "root"
            ],
            "outputs": {},
            "resources": {
                "aws_elb.web": {
                    "type": "aws_elb",
                    "depends_on": [
                        "aws_instance.ec2-lamp",
                        "aws_security_group.lamp-sec-grp"
                    ],
                    "primary": {
                        "id": "lamp-elb",
                        "attributes": {
                            "access_logs.#": "0",
                            "arn": "arn:aws:elasticloadbalancing:ap-southeast-2:440811456134:loadbalancer/lamp-elb",
                            "availability_zones.#": "1",
                            "availability_zones.581091340": "ap-southeast-2b",
                            "connection_draining": "true",
                            "connection_draining_timeout": "400",
                            "cross_zone_load_balancing": "true",
                            "dns_name": "lamp-elb-1652266869.ap-southeast-2.elb.amazonaws.com",
                            "health_check.#": "1",
                            "health_check.0.healthy_threshold": "2",
                            "health_check.0.interval": "30",
                            "health_check.0.target": "HTTP:80/",
                            "health_check.0.timeout": "3",
                            "health_check.0.unhealthy_threshold": "2",
                            "id": "lamp-elb",
                            "idle_timeout": "400",
                            "instances.#": "1",
                            "instances.1968892420": "i-0a3d2cc962bf25972",
                            "internal": "false",
                            "listener.#": "1",
                            "listener.3057123346.instance_port": "80",
                            "listener.3057123346.instance_protocol": "http",
                            "listener.3057123346.lb_port": "80",
                            "listener.3057123346.lb_protocol": "http",
                            "listener.3057123346.ssl_certificate_id": "",
                            "name": "lamp-elb",
                            "security_groups.#": "1",
                            "security_groups.3970700017": "sg-05b4a384410e98838",
                            "source_security_group": "440811456134/lamp Security Group",
                            "source_security_group_id": "sg-05b4a384410e98838",
                            "subnets.#": "1",
                            "subnets.372352317": "subnet-eb5ba68e",
                            "tags.%": "0",
                            "zone_id": "Z1GM3OXH4ZPM65"
                        },
                        "meta": {},
                        "tainted": false
                    },
                    "deposed": [],
                    "provider": "provider.aws"
                },
                "aws_instance.ec2-lamp": {
                    "type": "aws_instance",
                    "depends_on": [
                        "aws_security_group.lamp-sec-grp"
                    ],
                    "primary": {
                        "id": "i-0a3d2cc962bf25972",
                        "attributes": {
                            "ami": "ami-08589eca6dcc9b39c",
                            "arn": "arn:aws:ec2:ap-southeast-2:440811456134:instance/i-0a3d2cc962bf25972",
                            "associate_public_ip_address": "true",
                            "availability_zone": "ap-southeast-2b",
                            "cpu_core_count": "1",
                            "cpu_threads_per_core": "1",
                            "credit_specification.#": "1",
                            "credit_specification.0.cpu_credits": "standard",
                            "disable_api_termination": "false",
                            "ebs_block_device.#": "0",
                            "ebs_optimized": "false",
                            "ephemeral_block_device.#": "0",
                            "get_password_data": "false",
                            "iam_instance_profile": "",
                            "id": "i-0a3d2cc962bf25972",
                            "instance_state": "running",
                            "instance_type": "t2.micro",
                            "ipv6_addresses.#": "0",
                            "key_name": "viblab",
                            "monitoring": "false",
                            "network_interface.#": "0",
                            "network_interface_id": "eni-0b84a0c0bd29217c4",
                            "password_data": "",
                            "placement_group": "",
                            "primary_network_interface_id": "eni-0b84a0c0bd29217c4",
                            "private_dns": "ip-172-31-7-190.ap-southeast-2.compute.internal",
                            "private_ip": "172.31.7.190",
                            "public_dns": "ec2-13-211-191-169.ap-southeast-2.compute.amazonaws.com",
                            "public_ip": "13.211.191.169",
                            "root_block_device.#": "1",
                            "root_block_device.0.delete_on_termination": "true",
                            "root_block_device.0.iops": "100",
                            "root_block_device.0.volume_id": "vol-09dba7b449bfe1c28",
                            "root_block_device.0.volume_size": "8",
                            "root_block_device.0.volume_type": "gp2",
                            "security_groups.#": "1",
                            "security_groups.3376050814": "lamp Security Group",
                            "source_dest_check": "true",
                            "subnet_id": "subnet-eb5ba68e",
                            "tags.%": "1",
                            "tags.Name": "lamp-server",
                            "tenancy": "default",
                            "volume_tags.%": "0",
                            "vpc_security_group_ids.#": "1",
                            "vpc_security_group_ids.3970700017": "sg-05b4a384410e98838"
                        },
                        "meta": {
                            "e2bfb730-ecaa-11e6-8f88-34363bc7c4c0": {
                                "create": 600000000000,
                                "delete": 1200000000000,
                                "update": 600000000000
                            },
                            "schema_version": "1"
                        },
                        "tainted": false
                    },
                    "deposed": [],
                    "provider": "provider.aws"
                },
                "aws_security_group.lamp-sec-grp": {
                    "type": "aws_security_group",
                    "depends_on": [],
                    "primary": {
                        "id": "sg-05b4a384410e98838",
                        "attributes": {
                            "arn": "arn:aws:ec2:ap-southeast-2:440811456134:security-group/sg-05b4a384410e98838",
                            "description": "lamp access",
                            "egress.#": "1",
                            "egress.482069346.cidr_blocks.#": "1",
                            "egress.482069346.cidr_blocks.0": "0.0.0.0/0",
                            "egress.482069346.description": "",
                            "egress.482069346.from_port": "0",
                            "egress.482069346.ipv6_cidr_blocks.#": "0",
                            "egress.482069346.prefix_list_ids.#": "0",
                            "egress.482069346.protocol": "-1",
                            "egress.482069346.security_groups.#": "0",
                            "egress.482069346.self": "false",
                            "egress.482069346.to_port": "0",
                            "id": "sg-05b4a384410e98838",
                            "ingress.#": "3",
                            "ingress.1163740523.cidr_blocks.#": "1",
                            "ingress.1163740523.cidr_blocks.0": "0.0.0.0/0",
                            "ingress.1163740523.description": "",
                            "ingress.1163740523.from_port": "3306",
                            "ingress.1163740523.ipv6_cidr_blocks.#": "0",
                            "ingress.1163740523.prefix_list_ids.#": "0",
                            "ingress.1163740523.protocol": "tcp",
                            "ingress.1163740523.security_groups.#": "0",
                            "ingress.1163740523.self": "false",
                            "ingress.1163740523.to_port": "3306",
                            "ingress.2214680975.cidr_blocks.#": "1",
                            "ingress.2214680975.cidr_blocks.0": "0.0.0.0/0",
                            "ingress.2214680975.description": "",
                            "ingress.2214680975.from_port": "80",
                            "ingress.2214680975.ipv6_cidr_blocks.#": "0",
                            "ingress.2214680975.prefix_list_ids.#": "0",
                            "ingress.2214680975.protocol": "tcp",
                            "ingress.2214680975.security_groups.#": "0",
                            "ingress.2214680975.self": "false",
                            "ingress.2214680975.to_port": "80",
                            "ingress.2541437006.cidr_blocks.#": "1",
                            "ingress.2541437006.cidr_blocks.0": "0.0.0.0/0",
                            "ingress.2541437006.description": "",
                            "ingress.2541437006.from_port": "22",
                            "ingress.2541437006.ipv6_cidr_blocks.#": "0",
                            "ingress.2541437006.prefix_list_ids.#": "0",
                            "ingress.2541437006.protocol": "tcp",
                            "ingress.2541437006.security_groups.#": "0",
                            "ingress.2541437006.self": "false",
                            "ingress.2541437006.to_port": "22",
                            "name": "lamp Security Group",
                            "owner_id": "440811456134",
                            "revoke_rules_on_delete": "false",
                            "tags.%": "1",
                            "tags.Name": "lamp Security Group",
                            "vpc_id": "vpc-a411fec1"
                        },
                        "meta": {
                            "e2bfb730-ecaa-11e6-8f88-34363bc7c4c0": {
                                "create": 600000000000,
                                "delete": 600000000000
                            },
                            "schema_version": "1"
                        },
                        "tainted": false
                    },
                    "deposed": [],
                    "provider": "provider.aws"
                }
            },
            "depends_on": []
        }
    ]
}
